# This file was autogenerated by Stack.
# You should not edit this file by hand.
# For more information, please see the documentation at:
#   https://docs.haskellstack.org/en/stable/lock_files

packages:
- completed:
    hackage: hspec-expectations-lifted-0.8.2@sha256:87e9c36db96e8719446363fab4946951897603b3b36274d5206d0cfe73a14bb9,788
    pantry-tree:
      size: 247
      sha256: 63e9790768f7b45d0a689a67a6d69bdc58ddd010f822b8a2e05b1cbee719727b
  original:
    hackage: hspec-expectations-lifted-0.8.2
- completed:
    hackage: load-env-0.1.1@sha256:4332c4302837ff93f1fe2b9a656762e835744e285ba47f948e6d68aa33947b0c,1521
    pantry-tree:
      size: 319
      sha256: 6b7392d2e18b19b0ea36c433622db811bb477c8952652a9c4857bd98be552297
  original:
    hackage: load-env-0.1.1
- completed:
    hackage: time-units-1.0.0@sha256:27cf54091c4a0ca73d504fc11d5c31ab4041d17404fe3499945e2055697746c1,928
    pantry-tree:
      size: 212
      sha256: 9b516d4195fcea22cd1f4335cfe210e88deca397ba7dacc494d5a2feb69e1af8
  original:
    hackage: time-units-1.0.0
snapshots:
- completed:
    size: 497508
    url: https://raw.githubusercontent.com/commercialhaskell/stackage-snapshots/master/lts/13/17.yaml
    sha256: 3d8fabe77d4f7618554cfb1001c820b9859820b8639bfd6f02a1c41660afb53b
  original: lts-13.17
